
Microsoft Visual Studio Solution File, Format Version 12.00
# Visual Studio 15
VisualStudioVersion = 15.0.27428.2002
MinimumVisualStudioVersion = 10.0.40219.1
Project("{FAE04EC0-301F-11D3-BF4B-00C04F79EFBC}") = "TheBoredProfessor", "TheBoredProfessor\TheBoredProfessor.csproj", "{F60128BE-05C0-4C2E-A46E-0C030280B903}"
EndProject
Global
	GlobalSection(SolutionConfigurationPlatforms) = preSolution
		Debug|Any CPU = Debug|Any CPU
		Release|Any CPU = Release|Any CPU
	EndGlobalSection
	GlobalSection(ProjectConfigurationPlatforms) = postSolution
		{F60128BE-05C0-4C2E-A46E-0C030280B903}.Debug|Any CPU.ActiveCfg = Debug|Any CPU
		{F60128BE-05C0-4C2E-A46E-0C030280B903}.Debug|Any CPU.Build.0 = Debug|Any CPU
		{F60128BE-05C0-4C2E-A46E-0C030280B903}.Release|Any CPU.ActiveCfg = Release|Any CPU
		{F60128BE-05C0-4C2E-A46E-0C030280B903}.Release|Any CPU.Build.0 = Release|Any CPU
	EndGlobalSection
	GlobalSection(SolutionProperties) = preSolution
		HideSolutionNode = FALSE
	EndGlobalSection
	GlobalSection(ExtensibilityGlobals) = postSolution
		SolutionGuid = {0A6675B3-3996-4CEC-80EC-D584FEDD967E}
	EndGlobalSection
EndGlobal
